
Microsoft Visual Studio Solution File, Format Version 12.00
# Visual Studio Version 16
VisualStudioVersion = 25.0.1700.7
MinimumVisualStudioVersion = 10.0.40219.1
Project("{FAE04EC0-301F-11D3-BF4B-00C04F79EFBC}") = "domain.test", "domain.test\domain.test.csproj", "{1DCB45D2-6809-4D9B-B2CA-D99C680D6C56}"
EndProject
Project("{FAE04EC0-301F-11D3-BF4B-00C04F79EFBC}") = "models.test", "models.test\models.test.csproj", "{5E45DB5E-1FBE-49FB-A413-08AEC9E6E8E1}"
EndProject
Project("{FAE04EC0-301F-11D3-BF4B-00C04F79EFBC}") = "console.test", "console.test\console.test.csproj", "{FEFAF425-1896-4A6B-B544-4A7008851F19}"
EndProject
Project("{FAE04EC0-301F-11D3-BF4B-00C04F79EFBC}") = "unit.test", "unit.test\unit.test.csproj", "{F9133CD1-0FAE-4689-811E-FB07EB80B8BF}"
EndProject
Project("{FAE04EC0-301F-11D3-BF4B-00C04F79EFBC}") = "unit.test1", "unit.test1\unit.test1.csproj", "{D4DB36AD-414B-4E07-8B47-417E50A8450C}"
EndProject
Global
	GlobalSection(SolutionConfigurationPlatforms) = preSolution
		Debug|Any CPU = Debug|Any CPU
		Release|Any CPU = Release|Any CPU
	EndGlobalSection
	GlobalSection(ProjectConfigurationPlatforms) = postSolution
		{1DCB45D2-6809-4D9B-B2CA-D99C680D6C56}.Debug|Any CPU.ActiveCfg = Debug|Any CPU
		{1DCB45D2-6809-4D9B-B2CA-D99C680D6C56}.Debug|Any CPU.Build.0 = Debug|Any CPU
		{1DCB45D2-6809-4D9B-B2CA-D99C680D6C56}.Release|Any CPU.ActiveCfg = Release|Any CPU
		{1DCB45D2-6809-4D9B-B2CA-D99C680D6C56}.Release|Any CPU.Build.0 = Release|Any CPU
		{5E45DB5E-1FBE-49FB-A413-08AEC9E6E8E1}.Debug|Any CPU.ActiveCfg = Debug|Any CPU
		{5E45DB5E-1FBE-49FB-A413-08AEC9E6E8E1}.Debug|Any CPU.Build.0 = Debug|Any CPU
		{5E45DB5E-1FBE-49FB-A413-08AEC9E6E8E1}.Release|Any CPU.ActiveCfg = Release|Any CPU
		{5E45DB5E-1FBE-49FB-A413-08AEC9E6E8E1}.Release|Any CPU.Build.0 = Release|Any CPU
		{FEFAF425-1896-4A6B-B544-4A7008851F19}.Debug|Any CPU.ActiveCfg = Debug|Any CPU
		{FEFAF425-1896-4A6B-B544-4A7008851F19}.Debug|Any CPU.Build.0 = Debug|Any CPU
		{FEFAF425-1896-4A6B-B544-4A7008851F19}.Release|Any CPU.ActiveCfg = Release|Any CPU
		{FEFAF425-1896-4A6B-B544-4A7008851F19}.Release|Any CPU.Build.0 = Release|Any CPU
		{F9133CD1-0FAE-4689-811E-FB07EB80B8BF}.Debug|Any CPU.ActiveCfg = Debug|Any CPU
		{F9133CD1-0FAE-4689-811E-FB07EB80B8BF}.Debug|Any CPU.Build.0 = Debug|Any CPU
		{F9133CD1-0FAE-4689-811E-FB07EB80B8BF}.Release|Any CPU.ActiveCfg = Release|Any CPU
		{F9133CD1-0FAE-4689-811E-FB07EB80B8BF}.Release|Any CPU.Build.0 = Release|Any CPU
		{D4DB36AD-414B-4E07-8B47-417E50A8450C}.Debug|Any CPU.ActiveCfg = Debug|Any CPU
		{D4DB36AD-414B-4E07-8B47-417E50A8450C}.Debug|Any CPU.Build.0 = Debug|Any CPU
		{D4DB36AD-414B-4E07-8B47-417E50A8450C}.Release|Any CPU.ActiveCfg = Release|Any CPU
		{D4DB36AD-414B-4E07-8B47-417E50A8450C}.Release|Any CPU.Build.0 = Release|Any CPU
	EndGlobalSection
	GlobalSection(SolutionProperties) = preSolution
		HideSolutionNode = FALSE
	EndGlobalSection
	GlobalSection(ExtensibilityGlobals) = postSolution
		SolutionGuid = {AAE9C254-BAD2-426D-8B6C-F03E3E1A3449}
	EndGlobalSection
EndGlobal
